<?xml version="1.0" encoding="utf-8"?>
<Project ToolsVersion="4.0" xmlns="http://schemas.microsoft.com/developer/msbuild/2003">
  <ItemGroup>
    <Filter Include="Source Files">
      <UniqueIdentifier>{4FC737F1-C7A5-4376-A066-2A32D752A2FF}</UniqueIdentifier>
      <Extensions>cpp;c;cc;cxx;c++;cppm;ixx;def;odl;idl;hpj;bat;asm;asmx</Extensions>
    </Filter>
    <Filter Include="Header Files">
      <UniqueIdentifier>{93995380-89BD-4b04-88EB-625FBE52EBFB}</UniqueIdentifier>
      <Extensions>h;hh;hpp;hxx;h++;hm;inl;inc;ipp;xsd</Extensions>
    </Filter>
    <Filter Include="Resource Files">
      <UniqueIdentifier>{67DA6AB6-F800-4c08-8B7A-83BB121AAD01}</UniqueIdentifier>
      <Extensions>rc;ico;cur;bmp;dlg;rc2;rct;bin;rgs;gif;jpg;jpeg;jpe;resx;tiff;tif;png;wav;mfcribbon-ms</Extensions>
    </Filter>
    <Filter Include="Header Files\SDK">
      <UniqueIdentifier>{6a1aebee-e33c-4512-8585-816ab1d00b2a}</UniqueIdentifier>
    </Filter>
    <Filter Include="Header Files\Utility">
      <UniqueIdentifier>{9a7ffa4f-b503-445c-8fff-01c02a927776}</UniqueIdentifier>
    </Filter>
    <Filter Include="Header Files\SDK\Managers">
      <UniqueIdentifier>{db777e9e-b460-4bd2-a4a4-73aaf7a6a886}</UniqueIdentifier>
    </Filter>
    <Filter Include="Header Files\SDK\GameClasses">
      <UniqueIdentifier>{ce409372-ca50-4cb6-972d-f4121141eaef}</UniqueIdentifier>
    </Filter>
  </ItemGroup>
  <ItemGroup>
    <ClCompile Include="dllmain.cpp">
      <Filter>Source Files</Filter>
    </ClCompile>
  </ItemGroup>
  <ItemGroup>
    <ClInclude Include="Cheat.h">
      <Filter>Header Files</Filter>
    </ClInclude>
    <ClInclude Include="Offsets.h">
      <Filter>Header Files\SDK</Filter>
    </ClInclude>
    <ClInclude Include="SDK.h">
      <Filter>Header Files\SDK</Filter>
    </ClInclude>
    <ClInclude Include="RoundManager.h">
      <Filter>Header Files\SDK\Managers</Filter>
    </ClInclude>
    <ClInclude Include="Direct.h">
      <Filter>Header Files\Utility</Filter>
    </ClInclude>
    <ClInclude Include="Hexrays.h">
      <Filter>Header Files\Utility</Filter>
    </ClInclude>
    <ClInclude Include="DynamicPad.h">
      <Filter>Header Files\Utility</Filter>
    </ClInclude>
    <ClInclude Include="XorString.h">
      <Filter>Header Files\Utility</Filter>
    </ClInclude>
    <ClInclude Include="VTable.h">
      <Filter>Header Files\Utility</Filter>
    </ClInclude>
    <ClInclude Include="Memory.h">
      <Filter>Header Files\Utility</Filter>
    </ClInclude>
    <ClInclude Include="Vectors.h">
      <Filter>Header Files\Utility</Filter>
    </ClInclude>
    <ClInclude Include="GameManager.h">
      <Filter>Header Files\SDK\Managers</Filter>
    </ClInclude>
    <ClInclude Include="Player.h">
      <Filter>Header Files\SDK\GameClasses</Filter>
    </ClInclude>
  </ItemGroup>
  <ItemGroup>
    <MASM Include="Direct.asm">
      <Filter>Header Files\Utility</Filter>
    </MASM>
  </ItemGroup>
</Project>